
Microsoft Visual Studio Solution File, Format Version 12.00
# Visual Studio Version 16
VisualStudioVersion = 25.0.1706.14
MinimumVisualStudioVersion = 10.0.40219.1
Project("{2150E333-8FDC-42A3-9474-1A3956D46DE8}") = "src", "src", "{8113DF13-BA8D-43DB-B92A-96E67DCF3BFC}"
EndProject
Project("{FAE04EC0-301F-11D3-BF4B-00C04F79EFBC}") = "CashFlow.Transactions.Domain", "src\CashFlow.Transactions.Domain\CashFlow.Transactions.Domain.csproj", "{617F8524-D31B-4F07-93B5-A63EBC8BA84C}"
EndProject
Project("{FAE04EC0-301F-11D3-BF4B-00C04F79EFBC}") = "CashFlow.Transactions.Application", "src\CashFlow.Transactions.Application\CashFlow.Transactions.Application.csproj", "{5A806FDB-6A54-4ED2-9210-1EE73B15BD2E}"
EndProject
Project("{FAE04EC0-301F-11D3-BF4B-00C04F79EFBC}") = "CashFlow.Transactions.Infrastructure", "src\CashFlow.Transactions.Infrastructure\CashFlow.Transactions.Infrastructure.csproj", "{75CBBE98-255E-4769-B303-11C4FB2C6A73}"
EndProject
Project("{FAE04EC0-301F-11D3-BF4B-00C04F79EFBC}") = "CashFlow.Transactions.Outbox", "src\CashFlow.Transactions.Outbox\CashFlow.Transactions.Outbox.csproj", "{B4436637-F6F3-467B-BBE3-43D150025DED}"
EndProject
Project("{FAE04EC0-301F-11D3-BF4B-00C04F79EFBC}") = "CashFlow.Transactions.Web", "src\CashFlow.Transactions.Web\CashFlow.Transactions.Web.csproj", "{4A5414BA-5F35-4406-ABD6-83F29034EFF8}"
EndProject
Project("{2150E333-8FDC-42A3-9474-1A3956D46DE8}") = "tests", "tests", "{0AB3BF05-4346-4AA6-1389-037BE0695223}"
EndProject
Project("{FAE04EC0-301F-11D3-BF4B-00C04F79EFBC}") = "CashFlow.Transactions.Domain.Tests", "tests\CashFlow.Transactions.Domain.Tests\CashFlow.Transactions.Domain.Tests.csproj", "{7E98A48F-9E4A-4246-B528-54E1CD2E18C5}"
EndProject
Project("{FAE04EC0-301F-11D3-BF4B-00C04F79EFBC}") = "CashFlow.Transactions.Application.Tests", "tests\CashFlow.Transactions.Application.Tests\CashFlow.Transactions.Application.Tests.csproj", "{6112D77C-45D8-47AE-8721-69892EB9483C}"
EndProject
Global
	GlobalSection(SolutionConfigurationPlatforms) = preSolution
		Debug|Any CPU = Debug|Any CPU
		Debug|x64 = Debug|x64
		Debug|x86 = Debug|x86
		Release|Any CPU = Release|Any CPU
		Release|x64 = Release|x64
		Release|x86 = Release|x86
	EndGlobalSection
	GlobalSection(ProjectConfigurationPlatforms) = postSolution
		{617F8524-D31B-4F07-93B5-A63EBC8BA84C}.Debug|Any CPU.ActiveCfg = Debug|Any CPU
		{617F8524-D31B-4F07-93B5-A63EBC8BA84C}.Debug|Any CPU.Build.0 = Debug|Any CPU
		{617F8524-D31B-4F07-93B5-A63EBC8BA84C}.Debug|x64.ActiveCfg = Debug|Any CPU
		{617F8524-D31B-4F07-93B5-A63EBC8BA84C}.Debug|x64.Build.0 = Debug|Any CPU
		{617F8524-D31B-4F07-93B5-A63EBC8BA84C}.Debug|x86.ActiveCfg = Debug|Any CPU
		{617F8524-D31B-4F07-93B5-A63EBC8BA84C}.Debug|x86.Build.0 = Debug|Any CPU
		{617F8524-D31B-4F07-93B5-A63EBC8BA84C}.Release|Any CPU.ActiveCfg = Release|Any CPU
		{617F8524-D31B-4F07-93B5-A63EBC8BA84C}.Release|Any CPU.Build.0 = Release|Any CPU
		{617F8524-D31B-4F07-93B5-A63EBC8BA84C}.Release|x64.ActiveCfg = Release|Any CPU
		{617F8524-D31B-4F07-93B5-A63EBC8BA84C}.Release|x64.Build.0 = Release|Any CPU
		{617F8524-D31B-4F07-93B5-A63EBC8BA84C}.Release|x86.ActiveCfg = Release|Any CPU
		{617F8524-D31B-4F07-93B5-A63EBC8BA84C}.Release|x86.Build.0 = Release|Any CPU
		{5A806FDB-6A54-4ED2-9210-1EE73B15BD2E}.Debug|Any CPU.ActiveCfg = Debug|Any CPU
		{5A806FDB-6A54-4ED2-9210-1EE73B15BD2E}.Debug|Any CPU.Build.0 = Debug|Any CPU
		{5A806FDB-6A54-4ED2-9210-1EE73B15BD2E}.Debug|x64.ActiveCfg = Debug|Any CPU
		{5A806FDB-6A54-4ED2-9210-1EE73B15BD2E}.Debug|x64.Build.0 = Debug|Any CPU
		{5A806FDB-6A54-4ED2-9210-1EE73B15BD2E}.Debug|x86.ActiveCfg = Debug|Any CPU
		{5A806FDB-6A54-4ED2-9210-1EE73B15BD2E}.Debug|x86.Build.0 = Debug|Any CPU
		{5A806FDB-6A54-4ED2-9210-1EE73B15BD2E}.Release|Any CPU.ActiveCfg = Release|Any CPU
		{5A806FDB-6A54-4ED2-9210-1EE73B15BD2E}.Release|Any CPU.Build.0 = Release|Any CPU
		{5A806FDB-6A54-4ED2-9210-1EE73B15BD2E}.Release|x64.ActiveCfg = Release|Any CPU
		{5A806FDB-6A54-4ED2-9210-1EE73B15BD2E}.Release|x64.Build.0 = Release|Any CPU
		{5A806FDB-6A54-4ED2-9210-1EE73B15BD2E}.Release|x86.ActiveCfg = Release|Any CPU
		{5A806FDB-6A54-4ED2-9210-1EE73B15BD2E}.Release|x86.Build.0 = Release|Any CPU
		{75CBBE98-255E-4769-B303-11C4FB2C6A73}.Debug|Any CPU.ActiveCfg = Debug|Any CPU
		{75CBBE98-255E-4769-B303-11C4FB2C6A73}.Debug|Any CPU.Build.0 = Debug|Any CPU
		{75CBBE98-255E-4769-B303-11C4FB2C6A73}.Debug|x64.ActiveCfg = Debug|Any CPU
		{75CBBE98-255E-4769-B303-11C4FB2C6A73}.Debug|x64.Build.0 = Debug|Any CPU
		{75CBBE98-255E-4769-B303-11C4FB2C6A73}.Debug|x86.ActiveCfg = Debug|Any CPU
		{75CBBE98-255E-4769-B303-11C4FB2C6A73}.Debug|x86.Build.0 = Debug|Any CPU
		{75CBBE98-255E-4769-B303-11C4FB2C6A73}.Release|Any CPU.ActiveCfg = Release|Any CPU
		{75CBBE98-255E-4769-B303-11C4FB2C6A73}.Release|Any CPU.Build.0 = Release|Any CPU
		{75CBBE98-255E-4769-B303-11C4FB2C6A73}.Release|x64.ActiveCfg = Release|Any CPU
		{75CBBE98-255E-4769-B303-11C4FB2C6A73}.Release|x64.Build.0 = Release|Any CPU
		{75CBBE98-255E-4769-B303-11C4FB2C6A73}.Release|x86.ActiveCfg = Release|Any CPU
		{75CBBE98-255E-4769-B303-11C4FB2C6A73}.Release|x86.Build.0 = Release|Any CPU
		{B4436637-F6F3-467B-BBE3-43D150025DED}.Debug|Any CPU.ActiveCfg = Debug|Any CPU
		{B4436637-F6F3-467B-BBE3-43D150025DED}.Debug|Any CPU.Build.0 = Debug|Any CPU
		{B4436637-F6F3-467B-BBE3-43D150025DED}.Debug|x64.ActiveCfg = Debug|Any CPU
		{B4436637-F6F3-467B-BBE3-43D150025DED}.Debug|x64.Build.0 = Debug|Any CPU
		{B4436637-F6F3-467B-BBE3-43D150025DED}.Debug|x86.ActiveCfg = Debug|Any CPU
		{B4436637-F6F3-467B-BBE3-43D150025DED}.Debug|x86.Build.0 = Debug|Any CPU
		{B4436637-F6F3-467B-BBE3-43D150025DED}.Release|Any CPU.ActiveCfg = Release|Any CPU
		{B4436637-F6F3-467B-BBE3-43D150025DED}.Release|Any CPU.Build.0 = Release|Any CPU
		{B4436637-F6F3-467B-BBE3-43D150025DED}.Release|x64.ActiveCfg = Release|Any CPU
		{B4436637-F6F3-467B-BBE3-43D150025DED}.Release|x64.Build.0 = Release|Any CPU
		{B4436637-F6F3-467B-BBE3-43D150025DED}.Release|x86.ActiveCfg = Release|Any CPU
		{B4436637-F6F3-467B-BBE3-43D150025DED}.Release|x86.Build.0 = Release|Any CPU
		{4A5414BA-5F35-4406-ABD6-83F29034EFF8}.Debug|Any CPU.ActiveCfg = Debug|Any CPU
		{4A5414BA-5F35-4406-ABD6-83F29034EFF8}.Debug|Any CPU.Build.0 = Debug|Any CPU
		{4A5414BA-5F35-4406-ABD6-83F29034EFF8}.Debug|x64.ActiveCfg = Debug|Any CPU
		{4A5414BA-5F35-4406-ABD6-83F29034EFF8}.Debug|x64.Build.0 = Debug|Any CPU
		{4A5414BA-5F35-4406-ABD6-83F29034EFF8}.Debug|x86.ActiveCfg = Debug|Any CPU
		{4A5414BA-5F35-4406-ABD6-83F29034EFF8}.Debug|x86.Build.0 = Debug|Any CPU
		{4A5414BA-5F35-4406-ABD6-83F29034EFF8}.Release|Any CPU.ActiveCfg = Release|Any CPU
		{4A5414BA-5F35-4406-ABD6-83F29034EFF8}.Release|Any CPU.Build.0 = Release|Any CPU
		{4A5414BA-5F35-4406-ABD6-83F29034EFF8}.Release|x64.ActiveCfg = Release|Any CPU
		{4A5414BA-5F35-4406-ABD6-83F29034EFF8}.Release|x64.Build.0 = Release|Any CPU
		{4A5414BA-5F35-4406-ABD6-83F29034EFF8}.Release|x86.ActiveCfg = Release|Any CPU
		{4A5414BA-5F35-4406-ABD6-83F29034EFF8}.Release|x86.Build.0 = Release|Any CPU
		{7E98A48F-9E4A-4246-B528-54E1CD2E18C5}.Debug|Any CPU.ActiveCfg = Debug|Any CPU
		{7E98A48F-9E4A-4246-B528-54E1CD2E18C5}.Debug|Any CPU.Build.0 = Debug|Any CPU
		{7E98A48F-9E4A-4246-B528-54E1CD2E18C5}.Debug|x64.ActiveCfg = Debug|Any CPU
		{7E98A48F-9E4A-4246-B528-54E1CD2E18C5}.Debug|x64.Build.0 = Debug|Any CPU
		{7E98A48F-9E4A-4246-B528-54E1CD2E18C5}.Debug|x86.ActiveCfg = Debug|Any CPU
		{7E98A48F-9E4A-4246-B528-54E1CD2E18C5}.Debug|x86.Build.0 = Debug|Any CPU
		{7E98A48F-9E4A-4246-B528-54E1CD2E18C5}.Release|Any CPU.ActiveCfg = Release|Any CPU
		{7E98A48F-9E4A-4246-B528-54E1CD2E18C5}.Release|Any CPU.Build.0 = Release|Any CPU
		{7E98A48F-9E4A-4246-B528-54E1CD2E18C5}.Release|x64.ActiveCfg = Release|Any CPU
		{7E98A48F-9E4A-4246-B528-54E1CD2E18C5}.Release|x64.Build.0 = Release|Any CPU
		{7E98A48F-9E4A-4246-B528-54E1CD2E18C5}.Release|x86.ActiveCfg = Release|Any CPU
		{7E98A48F-9E4A-4246-B528-54E1CD2E18C5}.Release|x86.Build.0 = Release|Any CPU
		{6112D77C-45D8-47AE-8721-69892EB9483C}.Debug|Any CPU.ActiveCfg = Debug|Any CPU
		{6112D77C-45D8-47AE-8721-69892EB9483C}.Debug|Any CPU.Build.0 = Debug|Any CPU
		{6112D77C-45D8-47AE-8721-69892EB9483C}.Debug|x64.ActiveCfg = Debug|Any CPU
		{6112D77C-45D8-47AE-8721-69892EB9483C}.Debug|x64.Build.0 = Debug|Any CPU
		{6112D77C-45D8-47AE-8721-69892EB9483C}.Debug|x86.ActiveCfg = Debug|Any CPU
		{6112D77C-45D8-47AE-8721-69892EB9483C}.Debug|x86.Build.0 = Debug|Any CPU
		{6112D77C-45D8-47AE-8721-69892EB9483C}.Release|Any CPU.ActiveCfg = Release|Any CPU
		{6112D77C-45D8-47AE-8721-69892EB9483C}.Release|Any CPU.Build.0 = Release|Any CPU
		{6112D77C-45D8-47AE-8721-69892EB9483C}.Release|x64.ActiveCfg = Release|Any CPU
		{6112D77C-45D8-47AE-8721-69892EB9483C}.Release|x64.Build.0 = Release|Any CPU
		{6112D77C-45D8-47AE-8721-69892EB9483C}.Release|x86.ActiveCfg = Release|Any CPU
		{6112D77C-45D8-47AE-8721-69892EB9483C}.Release|x86.Build.0 = Release|Any CPU
	EndGlobalSection
	GlobalSection(SolutionProperties) = preSolution
		HideSolutionNode = FALSE
	EndGlobalSection
	GlobalSection(NestedProjects) = preSolution
		{617F8524-D31B-4F07-93B5-A63EBC8BA84C} = {8113DF13-BA8D-43DB-B92A-96E67DCF3BFC}
		{5A806FDB-6A54-4ED2-9210-1EE73B15BD2E} = {8113DF13-BA8D-43DB-B92A-96E67DCF3BFC}
		{75CBBE98-255E-4769-B303-11C4FB2C6A73} = {8113DF13-BA8D-43DB-B92A-96E67DCF3BFC}
		{B4436637-F6F3-467B-BBE3-43D150025DED} = {8113DF13-BA8D-43DB-B92A-96E67DCF3BFC}
		{4A5414BA-5F35-4406-ABD6-83F29034EFF8} = {8113DF13-BA8D-43DB-B92A-96E67DCF3BFC}
		{7E98A48F-9E4A-4246-B528-54E1CD2E18C5} = {0AB3BF05-4346-4AA6-1389-037BE0695223}
		{6112D77C-45D8-47AE-8721-69892EB9483C} = {0AB3BF05-4346-4AA6-1389-037BE0695223}
	EndGlobalSection
	GlobalSection(ExtensibilityGlobals) = postSolution
		SolutionGuid = {57A6C04F-BAC5-4593-803F-04C96C29666B}
	EndGlobalSection
EndGlobal
