
Microsoft Visual Studio Solution File, Format Version 12.00
# Visual Studio Version 16
VisualStudioVersion = 25.0.1706.14
MinimumVisualStudioVersion = 10.0.40219.1
Project("{2150E333-8FDC-42A3-9474-1A3956D46DE8}") = "src", "src", "{39FEE5B8-7B4B-4D36-B31C-C5EB327844D2}"
EndProject
Project("{FAE04EC0-301F-11D3-BF4B-00C04F79EFBC}") = "CashFlow.Domain", "src\CashFlow.Domain\CashFlow.Domain.csproj", "{D5779FEE-5D70-4ACE-BAB1-C44B6DF9B2A0}"
EndProject
Project("{FAE04EC0-301F-11D3-BF4B-00C04F79EFBC}") = "CashFlow.Application", "src\CashFlow.Application\CashFlow.Application.csproj", "{BD8F69E6-ECF3-4E81-8B9C-CD38E183B06A}"
EndProject
Project("{FAE04EC0-301F-11D3-BF4B-00C04F79EFBC}") = "CashFlow.Infrastructure", "src\CashFlow.Infrastructure\CashFlow.Infrastructure.csproj", "{066196BF-DF52-4635-89BD-06C77664DBEA}"
EndProject
Global
	GlobalSection(SolutionConfigurationPlatforms) = preSolution
		Debug|Any CPU = Debug|Any CPU
		Release|Any CPU = Release|Any CPU
	EndGlobalSection
	GlobalSection(ProjectConfigurationPlatforms) = postSolution
		{D5779FEE-5D70-4ACE-BAB1-C44B6DF9B2A0}.Debug|Any CPU.ActiveCfg = Debug|Any CPU
		{D5779FEE-5D70-4ACE-BAB1-C44B6DF9B2A0}.Debug|Any CPU.Build.0 = Debug|Any CPU
		{D5779FEE-5D70-4ACE-BAB1-C44B6DF9B2A0}.Release|Any CPU.ActiveCfg = Release|Any CPU
		{D5779FEE-5D70-4ACE-BAB1-C44B6DF9B2A0}.Release|Any CPU.Build.0 = Release|Any CPU
		{BD8F69E6-ECF3-4E81-8B9C-CD38E183B06A}.Debug|Any CPU.ActiveCfg = Debug|Any CPU
		{BD8F69E6-ECF3-4E81-8B9C-CD38E183B06A}.Debug|Any CPU.Build.0 = Debug|Any CPU
		{BD8F69E6-ECF3-4E81-8B9C-CD38E183B06A}.Release|Any CPU.ActiveCfg = Release|Any CPU
		{BD8F69E6-ECF3-4E81-8B9C-CD38E183B06A}.Release|Any CPU.Build.0 = Release|Any CPU
		{066196BF-DF52-4635-89BD-06C77664DBEA}.Debug|Any CPU.ActiveCfg = Debug|Any CPU
		{066196BF-DF52-4635-89BD-06C77664DBEA}.Debug|Any CPU.Build.0 = Debug|Any CPU
		{066196BF-DF52-4635-89BD-06C77664DBEA}.Release|Any CPU.ActiveCfg = Release|Any CPU
		{066196BF-DF52-4635-89BD-06C77664DBEA}.Release|Any CPU.Build.0 = Release|Any CPU
	EndGlobalSection
	GlobalSection(SolutionProperties) = preSolution
		HideSolutionNode = FALSE
	EndGlobalSection
	GlobalSection(NestedProjects) = preSolution
		{D5779FEE-5D70-4ACE-BAB1-C44B6DF9B2A0} = {39FEE5B8-7B4B-4D36-B31C-C5EB327844D2}
		{BD8F69E6-ECF3-4E81-8B9C-CD38E183B06A} = {39FEE5B8-7B4B-4D36-B31C-C5EB327844D2}
		{066196BF-DF52-4635-89BD-06C77664DBEA} = {39FEE5B8-7B4B-4D36-B31C-C5EB327844D2}
	EndGlobalSection
	GlobalSection(ExtensibilityGlobals) = postSolution
		SolutionGuid = {E856711D-A49F-4CEA-AF26-7E307FA21416}
	EndGlobalSection
EndGlobal
