
Microsoft Visual Studio Solution File, Format Version 12.00
# Visual Studio Version 16
VisualStudioVersion = 25.0.1706.14
MinimumVisualStudioVersion = 10.0.40219.1
Project("{2150E333-8FDC-42A3-9474-1A3956D46DE8}") = "services", "services", "{9B7168C0-745A-4D1F-88D3-798A65A05A43}"
EndProject
Project("{2150E333-8FDC-42A3-9474-1A3956D46DE8}") = "shared", "shared", "{E484154C-D987-4229-89F9-78C5362CBCAC}"
EndProject
Project("{2150E333-8FDC-42A3-9474-1A3956D46DE8}") = "consolidation", "consolidation", "{628C81ED-E225-44CD-B458-84D519EA3B46}"
EndProject
Project("{FAE04EC0-301F-11D3-BF4B-00C04F79EFBC}") = "CashFlow.Consolidation.Application", "services\consolidation\src\CashFlow.Consolidation.Application\CashFlow.Consolidation.Application.csproj", "{94840327-E0C1-472D-92B9-17D0321A9D73}"
EndProject
Project("{2150E333-8FDC-42A3-9474-1A3956D46DE8}") = "src", "src", "{C0D3537D-F36B-455F-A000-EC30DF34802F}"
EndProject
Project("{FAE04EC0-301F-11D3-BF4B-00C04F79EFBC}") = "CashFlow.Consolidation.Domain", "services\consolidation\src\CashFlow.Consolidation.Domain\CashFlow.Consolidation.Domain.csproj", "{620C97CD-951E-4EF5-8528-D378705E12AD}"
EndProject
Project("{FAE04EC0-301F-11D3-BF4B-00C04F79EFBC}") = "CashFlow.Consolidation.Infrastructure", "services\consolidation\src\CashFlow.Consolidation.Infrastructure\CashFlow.Consolidation.Infrastructure.csproj", "{C01D9E8B-FAD4-40E0-A672-1336A8974F8C}"
EndProject
Project("{2150E333-8FDC-42A3-9474-1A3956D46DE8}") = "transactions", "transactions", "{5B4306AF-BBF0-4AF8-B5C8-865F370F3555}"
EndProject
Project("{2150E333-8FDC-42A3-9474-1A3956D46DE8}") = "src", "src", "{05DC6C79-8486-4B85-87DD-1D0A4F2C94B8}"
EndProject
Project("{FAE04EC0-301F-11D3-BF4B-00C04F79EFBC}") = "CashFlow.Transactions.Application", "services\transactions\src\CashFlow.Transactions.Application\CashFlow.Transactions.Application.csproj", "{1292211D-047F-4A45-BD18-2B5360613AE8}"
EndProject
Project("{FAE04EC0-301F-11D3-BF4B-00C04F79EFBC}") = "CashFlow.Transactions.Domain", "services\transactions\src\CashFlow.Transactions.Domain\CashFlow.Transactions.Domain.csproj", "{F93E179C-493F-4EC0-A2B7-FD585E82FDE3}"
EndProject
Project("{FAE04EC0-301F-11D3-BF4B-00C04F79EFBC}") = "CashFlow.Transactions.Infrastructure", "services\transactions\src\CashFlow.Transactions.Infrastructure\CashFlow.Transactions.Infrastructure.csproj", "{506B04DD-FE67-4291-8260-FE25FCE5CE6A}"
EndProject
Project("{2150E333-8FDC-42A3-9474-1A3956D46DE8}") = "src", "src", "{3005811F-EEDF-47CD-9634-A4AD1AD8BADB}"
EndProject
Project("{FAE04EC0-301F-11D3-BF4B-00C04F79EFBC}") = "CashFlow.Shared.Domain", "shared\src\CashFlow.Shared.Domain\CashFlow.Shared.Domain.csproj", "{34CDA6E7-3FD3-4325-9810-EE23786510A9}"
EndProject
Project("{FAE04EC0-301F-11D3-BF4B-00C04F79EFBC}") = "CashFlow.Shared.Application", "shared\src\CashFlow.Shared.Application\CashFlow.Shared.Application.csproj", "{6D584557-EDB3-400D-A471-72612CB2CA81}"
EndProject
Project("{FAE04EC0-301F-11D3-BF4B-00C04F79EFBC}") = "CashFlow.Transactions.Web", "services\transactions\src\CashFlow.Transactions.Web\CashFlow.Transactions.Web.csproj", "{23EC2D50-6506-43D3-A05D-B115D79785BF}"
EndProject
Project("{FAE04EC0-301F-11D3-BF4B-00C04F79EFBC}") = "CashFlow.Consolidation.Web", "services\consolidation\src\CashFlow.Consolidation.Web\CashFlow.Consolidation.Web.csproj", "{1FDE1EC8-8159-442E-8CC6-349B5A0EDA1B}"
EndProject
Project("{FAE04EC0-301F-11D3-BF4B-00C04F79EFBC}") = "CashFlow.Transactions.Outbox", "services\transactions\src\CashFlow.Transactions.Outbox\CashFlow.Transactions.Outbox.csproj", "{F0355204-5C6C-4F44-B3FB-E375168BFE4F}"
EndProject
Project("{FAE04EC0-301F-11D3-BF4B-00C04F79EFBC}") = "CashFlow.Consolidation.Consumer", "services\consolidation\src\CashFlow.Consolidation.Consumer\CashFlow.Consolidation.Consumer.csproj", "{CA19E935-8DE4-4FBC-A1AA-F64023642D62}"
EndProject
Project("{2150E333-8FDC-42A3-9474-1A3956D46DE8}") = "tests", "tests", "{332E32B6-C775-31B6-4A0B-450281D20681}"
EndProject
Project("{FAE04EC0-301F-11D3-BF4B-00C04F79EFBC}") = "CashFlow.Transactions.Domain.Tests", "services\transactions\tests\CashFlow.Transactions.Domain.Tests\CashFlow.Transactions.Domain.Tests.csproj", "{DB2B89C2-0846-4FC4-A993-E91777B60B6F}"
EndProject
Project("{FAE04EC0-301F-11D3-BF4B-00C04F79EFBC}") = "CashFlow.Transactions.Application.Tests", "services\transactions\tests\CashFlow.Transactions.Application.Tests\CashFlow.Transactions.Application.Tests.csproj", "{22131DA1-A1C5-42D8-B749-553788C308AA}"
EndProject
Project("{2150E333-8FDC-42A3-9474-1A3956D46DE8}") = "tests", "tests", "{90DB41BA-1FA5-DFDC-ED47-DDF1EE757844}"
EndProject
Project("{FAE04EC0-301F-11D3-BF4B-00C04F79EFBC}") = "CashFlow.Consolidation.Domain.Tests", "services\consolidation\tests\CashFlow.Consolidation.Domain.Tests\CashFlow.Consolidation.Domain.Tests.csproj", "{9CDDD994-E6FE-4750-918D-C50F7782A2D2}"
EndProject
Project("{FAE04EC0-301F-11D3-BF4B-00C04F79EFBC}") = "CashFlow.Consolidation.Application.Tests", "services\consolidation\tests\CashFlow.Consolidation.Application.Tests\CashFlow.Consolidation.Application.Tests.csproj", "{D56F40FE-1372-4A22-BB90-DB1B775521FA}"
EndProject
Project("{2150E333-8FDC-42A3-9474-1A3956D46DE8}") = "tests", "tests", "{0AB3BF05-4346-4AA6-1389-037BE0695223}"
EndProject
Project("{FAE04EC0-301F-11D3-BF4B-00C04F79EFBC}") = "CashFlow.IntegrationTests", "tests\CashFlow.IntegrationTests\CashFlow.IntegrationTests.csproj", "{B8844A21-639F-4B00-A72C-A44D6BBCA6D9}"
EndProject
Project("{2150E333-8FDC-42A3-9474-1A3956D46DE8}") = "tools", "tools", "{07C2787E-EAC7-C090-1BA3-A61EC2A24D84}"
EndProject
Project("{FAE04EC0-301F-11D3-BF4B-00C04F79EFBC}") = "CashFlow.LoadTest", "tools\CashFlow.LoadTest\CashFlow.LoadTest.csproj", "{39B8B1C7-6903-4446-A8A1-1FF1AB25AF6C}"
EndProject
Project("{2150E333-8FDC-42A3-9474-1A3956D46DE8}") = "auth", "auth", "{2551C87A-C6C3-448D-B951-7D0FB7A73E8F}"
EndProject
Project("{2150E333-8FDC-42A3-9474-1A3956D46DE8}") = "src", "src", "{7989600A-71B9-4B34-97FA-CC12A70FE82C}"
EndProject
Project("{FAE04EC0-301F-11D3-BF4B-00C04F79EFBC}") = "CashFlow.Auth.Domain", "services\auth\src\CashFlow.Auth.Domain\CashFlow.Auth.Domain.csproj", "{E463450E-2E36-47D6-8A8B-4E7E9FFF444D}"
EndProject
Project("{FAE04EC0-301F-11D3-BF4B-00C04F79EFBC}") = "CashFlow.Auth.Application", "services\auth\src\CashFlow.Auth.Application\CashFlow.Auth.Application.csproj", "{E89D98F4-AFA7-454F-AF78-7225FC4F8AA9}"
EndProject
Project("{FAE04EC0-301F-11D3-BF4B-00C04F79EFBC}") = "CashFlow.Auth.Infrastructure", "services\auth\src\CashFlow.Auth.Infrastructure\CashFlow.Auth.Infrastructure.csproj", "{1D293ABB-CC46-4D75-B958-26D5EF8A1684}"
EndProject
Project("{FAE04EC0-301F-11D3-BF4B-00C04F79EFBC}") = "CashFlow.Auth.Web", "services\auth\src\CashFlow.Auth.Web\CashFlow.Auth.Web.csproj", "{4CFEE050-7446-4B3C-A9CC-6E7B636BAC05}"
EndProject
Project("{2150E333-8FDC-42A3-9474-1A3956D46DE8}") = "tests", "tests", "{97B52C54-DEEF-40EC-9F4B-EB47DA01E962}"
EndProject
Project("{FAE04EC0-301F-11D3-BF4B-00C04F79EFBC}") = "CashFlow.Auth.Application.Tests", "services\auth\tests\CashFlow.Auth.Application.Tests\CashFlow.Auth.Application.Tests.csproj", "{DE212A0E-3B8A-4679-9A9D-A9D9EDE973FF}"
EndProject
Project("{FAE04EC0-301F-11D3-BF4B-00C04F79EFBC}") = "CashFlow.Auth.IntegrationTests", "services\auth\tests\CashFlow.Auth.IntegrationTests\CashFlow.Auth.IntegrationTests.csproj", "{A58D1BE2-C3E1-43E7-B3EA-B8F22CC7545C}"
EndProject
Global
	GlobalSection(SolutionConfigurationPlatforms) = preSolution
		Debug|Any CPU = Debug|Any CPU
		Debug|x64 = Debug|x64
		Debug|x86 = Debug|x86
		Release|Any CPU = Release|Any CPU
		Release|x64 = Release|x64
		Release|x86 = Release|x86
	EndGlobalSection
	GlobalSection(ProjectConfigurationPlatforms) = postSolution
		{94840327-E0C1-472D-92B9-17D0321A9D73}.Debug|Any CPU.ActiveCfg = Debug|Any CPU
		{94840327-E0C1-472D-92B9-17D0321A9D73}.Debug|Any CPU.Build.0 = Debug|Any CPU
		{94840327-E0C1-472D-92B9-17D0321A9D73}.Debug|x64.ActiveCfg = Debug|Any CPU
		{94840327-E0C1-472D-92B9-17D0321A9D73}.Debug|x64.Build.0 = Debug|Any CPU
		{94840327-E0C1-472D-92B9-17D0321A9D73}.Debug|x86.ActiveCfg = Debug|Any CPU
		{94840327-E0C1-472D-92B9-17D0321A9D73}.Debug|x86.Build.0 = Debug|Any CPU
		{94840327-E0C1-472D-92B9-17D0321A9D73}.Release|Any CPU.ActiveCfg = Release|Any CPU
		{94840327-E0C1-472D-92B9-17D0321A9D73}.Release|Any CPU.Build.0 = Release|Any CPU
		{94840327-E0C1-472D-92B9-17D0321A9D73}.Release|x64.ActiveCfg = Release|Any CPU
		{94840327-E0C1-472D-92B9-17D0321A9D73}.Release|x64.Build.0 = Release|Any CPU
		{94840327-E0C1-472D-92B9-17D0321A9D73}.Release|x86.ActiveCfg = Release|Any CPU
		{94840327-E0C1-472D-92B9-17D0321A9D73}.Release|x86.Build.0 = Release|Any CPU
		{620C97CD-951E-4EF5-8528-D378705E12AD}.Debug|Any CPU.ActiveCfg = Debug|Any CPU
		{620C97CD-951E-4EF5-8528-D378705E12AD}.Debug|Any CPU.Build.0 = Debug|Any CPU
		{620C97CD-951E-4EF5-8528-D378705E12AD}.Debug|x64.ActiveCfg = Debug|Any CPU
		{620C97CD-951E-4EF5-8528-D378705E12AD}.Debug|x64.Build.0 = Debug|Any CPU
		{620C97CD-951E-4EF5-8528-D378705E12AD}.Debug|x86.ActiveCfg = Debug|Any CPU
		{620C97CD-951E-4EF5-8528-D378705E12AD}.Debug|x86.Build.0 = Debug|Any CPU
		{620C97CD-951E-4EF5-8528-D378705E12AD}.Release|Any CPU.ActiveCfg = Release|Any CPU
		{620C97CD-951E-4EF5-8528-D378705E12AD}.Release|Any CPU.Build.0 = Release|Any CPU
		{620C97CD-951E-4EF5-8528-D378705E12AD}.Release|x64.ActiveCfg = Release|Any CPU
		{620C97CD-951E-4EF5-8528-D378705E12AD}.Release|x64.Build.0 = Release|Any CPU
		{620C97CD-951E-4EF5-8528-D378705E12AD}.Release|x86.ActiveCfg = Release|Any CPU
		{620C97CD-951E-4EF5-8528-D378705E12AD}.Release|x86.Build.0 = Release|Any CPU
		{C01D9E8B-FAD4-40E0-A672-1336A8974F8C}.Debug|Any CPU.ActiveCfg = Debug|Any CPU
		{C01D9E8B-FAD4-40E0-A672-1336A8974F8C}.Debug|Any CPU.Build.0 = Debug|Any CPU
		{C01D9E8B-FAD4-40E0-A672-1336A8974F8C}.Debug|x64.ActiveCfg = Debug|Any CPU
		{C01D9E8B-FAD4-40E0-A672-1336A8974F8C}.Debug|x64.Build.0 = Debug|Any CPU
		{C01D9E8B-FAD4-40E0-A672-1336A8974F8C}.Debug|x86.ActiveCfg = Debug|Any CPU
		{C01D9E8B-FAD4-40E0-A672-1336A8974F8C}.Debug|x86.Build.0 = Debug|Any CPU
		{C01D9E8B-FAD4-40E0-A672-1336A8974F8C}.Release|Any CPU.ActiveCfg = Release|Any CPU
		{C01D9E8B-FAD4-40E0-A672-1336A8974F8C}.Release|Any CPU.Build.0 = Release|Any CPU
		{C01D9E8B-FAD4-40E0-A672-1336A8974F8C}.Release|x64.ActiveCfg = Release|Any CPU
		{C01D9E8B-FAD4-40E0-A672-1336A8974F8C}.Release|x64.Build.0 = Release|Any CPU
		{C01D9E8B-FAD4-40E0-A672-1336A8974F8C}.Release|x86.ActiveCfg = Release|Any CPU
		{C01D9E8B-FAD4-40E0-A672-1336A8974F8C}.Release|x86.Build.0 = Release|Any CPU
		{1292211D-047F-4A45-BD18-2B5360613AE8}.Debug|Any CPU.ActiveCfg = Debug|Any CPU
		{1292211D-047F-4A45-BD18-2B5360613AE8}.Debug|Any CPU.Build.0 = Debug|Any CPU
		{1292211D-047F-4A45-BD18-2B5360613AE8}.Debug|x64.ActiveCfg = Debug|Any CPU
		{1292211D-047F-4A45-BD18-2B5360613AE8}.Debug|x64.Build.0 = Debug|Any CPU
		{1292211D-047F-4A45-BD18-2B5360613AE8}.Debug|x86.ActiveCfg = Debug|Any CPU
		{1292211D-047F-4A45-BD18-2B5360613AE8}.Debug|x86.Build.0 = Debug|Any CPU
		{1292211D-047F-4A45-BD18-2B5360613AE8}.Release|Any CPU.ActiveCfg = Release|Any CPU
		{1292211D-047F-4A45-BD18-2B5360613AE8}.Release|Any CPU.Build.0 = Release|Any CPU
		{1292211D-047F-4A45-BD18-2B5360613AE8}.Release|x64.ActiveCfg = Release|Any CPU
		{1292211D-047F-4A45-BD18-2B5360613AE8}.Release|x64.Build.0 = Release|Any CPU
		{1292211D-047F-4A45-BD18-2B5360613AE8}.Release|x86.ActiveCfg = Release|Any CPU
		{1292211D-047F-4A45-BD18-2B5360613AE8}.Release|x86.Build.0 = Release|Any CPU
		{F93E179C-493F-4EC0-A2B7-FD585E82FDE3}.Debug|Any CPU.ActiveCfg = Debug|Any CPU
		{F93E179C-493F-4EC0-A2B7-FD585E82FDE3}.Debug|Any CPU.Build.0 = Debug|Any CPU
		{F93E179C-493F-4EC0-A2B7-FD585E82FDE3}.Debug|x64.ActiveCfg = Debug|Any CPU
		{F93E179C-493F-4EC0-A2B7-FD585E82FDE3}.Debug|x64.Build.0 = Debug|Any CPU
		{F93E179C-493F-4EC0-A2B7-FD585E82FDE3}.Debug|x86.ActiveCfg = Debug|Any CPU
		{F93E179C-493F-4EC0-A2B7-FD585E82FDE3}.Debug|x86.Build.0 = Debug|Any CPU
		{F93E179C-493F-4EC0-A2B7-FD585E82FDE3}.Release|Any CPU.ActiveCfg = Release|Any CPU
		{F93E179C-493F-4EC0-A2B7-FD585E82FDE3}.Release|Any CPU.Build.0 = Release|Any CPU
		{F93E179C-493F-4EC0-A2B7-FD585E82FDE3}.Release|x64.ActiveCfg = Release|Any CPU
		{F93E179C-493F-4EC0-A2B7-FD585E82FDE3}.Release|x64.Build.0 = Release|Any CPU
		{F93E179C-493F-4EC0-A2B7-FD585E82FDE3}.Release|x86.ActiveCfg = Release|Any CPU
		{F93E179C-493F-4EC0-A2B7-FD585E82FDE3}.Release|x86.Build.0 = Release|Any CPU
		{506B04DD-FE67-4291-8260-FE25FCE5CE6A}.Debug|Any CPU.ActiveCfg = Debug|Any CPU
		{506B04DD-FE67-4291-8260-FE25FCE5CE6A}.Debug|Any CPU.Build.0 = Debug|Any CPU
		{506B04DD-FE67-4291-8260-FE25FCE5CE6A}.Debug|x64.ActiveCfg = Debug|Any CPU
		{506B04DD-FE67-4291-8260-FE25FCE5CE6A}.Debug|x64.Build.0 = Debug|Any CPU
		{506B04DD-FE67-4291-8260-FE25FCE5CE6A}.Debug|x86.ActiveCfg = Debug|Any CPU
		{506B04DD-FE67-4291-8260-FE25FCE5CE6A}.Debug|x86.Build.0 = Debug|Any CPU
		{506B04DD-FE67-4291-8260-FE25FCE5CE6A}.Release|Any CPU.ActiveCfg = Release|Any CPU
		{506B04DD-FE67-4291-8260-FE25FCE5CE6A}.Release|Any CPU.Build.0 = Release|Any CPU
		{506B04DD-FE67-4291-8260-FE25FCE5CE6A}.Release|x64.ActiveCfg = Release|Any CPU
		{506B04DD-FE67-4291-8260-FE25FCE5CE6A}.Release|x64.Build.0 = Release|Any CPU
		{506B04DD-FE67-4291-8260-FE25FCE5CE6A}.Release|x86.ActiveCfg = Release|Any CPU
		{506B04DD-FE67-4291-8260-FE25FCE5CE6A}.Release|x86.Build.0 = Release|Any CPU
		{34CDA6E7-3FD3-4325-9810-EE23786510A9}.Debug|Any CPU.ActiveCfg = Debug|Any CPU
		{34CDA6E7-3FD3-4325-9810-EE23786510A9}.Debug|Any CPU.Build.0 = Debug|Any CPU
		{34CDA6E7-3FD3-4325-9810-EE23786510A9}.Debug|x64.ActiveCfg = Debug|Any CPU
		{34CDA6E7-3FD3-4325-9810-EE23786510A9}.Debug|x64.Build.0 = Debug|Any CPU
		{34CDA6E7-3FD3-4325-9810-EE23786510A9}.Debug|x86.ActiveCfg = Debug|Any CPU
		{34CDA6E7-3FD3-4325-9810-EE23786510A9}.Debug|x86.Build.0 = Debug|Any CPU
		{34CDA6E7-3FD3-4325-9810-EE23786510A9}.Release|Any CPU.ActiveCfg = Release|Any CPU
		{34CDA6E7-3FD3-4325-9810-EE23786510A9}.Release|Any CPU.Build.0 = Release|Any CPU
		{34CDA6E7-3FD3-4325-9810-EE23786510A9}.Release|x64.ActiveCfg = Release|Any CPU
		{34CDA6E7-3FD3-4325-9810-EE23786510A9}.Release|x64.Build.0 = Release|Any CPU
		{34CDA6E7-3FD3-4325-9810-EE23786510A9}.Release|x86.ActiveCfg = Release|Any CPU
		{34CDA6E7-3FD3-4325-9810-EE23786510A9}.Release|x86.Build.0 = Release|Any CPU
		{6D584557-EDB3-400D-A471-72612CB2CA81}.Debug|Any CPU.ActiveCfg = Debug|Any CPU
		{6D584557-EDB3-400D-A471-72612CB2CA81}.Debug|Any CPU.Build.0 = Debug|Any CPU
		{6D584557-EDB3-400D-A471-72612CB2CA81}.Debug|x64.ActiveCfg = Debug|Any CPU
		{6D584557-EDB3-400D-A471-72612CB2CA81}.Debug|x64.Build.0 = Debug|Any CPU
		{6D584557-EDB3-400D-A471-72612CB2CA81}.Debug|x86.ActiveCfg = Debug|Any CPU
		{6D584557-EDB3-400D-A471-72612CB2CA81}.Debug|x86.Build.0 = Debug|Any CPU
		{6D584557-EDB3-400D-A471-72612CB2CA81}.Release|Any CPU.ActiveCfg = Release|Any CPU
		{6D584557-EDB3-400D-A471-72612CB2CA81}.Release|Any CPU.Build.0 = Release|Any CPU
		{6D584557-EDB3-400D-A471-72612CB2CA81}.Release|x64.ActiveCfg = Release|Any CPU
		{6D584557-EDB3-400D-A471-72612CB2CA81}.Release|x64.Build.0 = Release|Any CPU
		{6D584557-EDB3-400D-A471-72612CB2CA81}.Release|x86.ActiveCfg = Release|Any CPU
		{6D584557-EDB3-400D-A471-72612CB2CA81}.Release|x86.Build.0 = Release|Any CPU
		{23EC2D50-6506-43D3-A05D-B115D79785BF}.Debug|Any CPU.ActiveCfg = Debug|Any CPU
		{23EC2D50-6506-43D3-A05D-B115D79785BF}.Debug|Any CPU.Build.0 = Debug|Any CPU
		{23EC2D50-6506-43D3-A05D-B115D79785BF}.Debug|x64.ActiveCfg = Debug|Any CPU
		{23EC2D50-6506-43D3-A05D-B115D79785BF}.Debug|x64.Build.0 = Debug|Any CPU
		{23EC2D50-6506-43D3-A05D-B115D79785BF}.Debug|x86.ActiveCfg = Debug|Any CPU
		{23EC2D50-6506-43D3-A05D-B115D79785BF}.Debug|x86.Build.0 = Debug|Any CPU
		{23EC2D50-6506-43D3-A05D-B115D79785BF}.Release|Any CPU.ActiveCfg = Release|Any CPU
		{23EC2D50-6506-43D3-A05D-B115D79785BF}.Release|Any CPU.Build.0 = Release|Any CPU
		{23EC2D50-6506-43D3-A05D-B115D79785BF}.Release|x64.ActiveCfg = Release|Any CPU
		{23EC2D50-6506-43D3-A05D-B115D79785BF}.Release|x64.Build.0 = Release|Any CPU
		{23EC2D50-6506-43D3-A05D-B115D79785BF}.Release|x86.ActiveCfg = Release|Any CPU
		{23EC2D50-6506-43D3-A05D-B115D79785BF}.Release|x86.Build.0 = Release|Any CPU
		{1FDE1EC8-8159-442E-8CC6-349B5A0EDA1B}.Debug|Any CPU.ActiveCfg = Debug|Any CPU
		{1FDE1EC8-8159-442E-8CC6-349B5A0EDA1B}.Debug|Any CPU.Build.0 = Debug|Any CPU
		{1FDE1EC8-8159-442E-8CC6-349B5A0EDA1B}.Debug|x64.ActiveCfg = Debug|Any CPU
		{1FDE1EC8-8159-442E-8CC6-349B5A0EDA1B}.Debug|x64.Build.0 = Debug|Any CPU
		{1FDE1EC8-8159-442E-8CC6-349B5A0EDA1B}.Debug|x86.ActiveCfg = Debug|Any CPU
		{1FDE1EC8-8159-442E-8CC6-349B5A0EDA1B}.Debug|x86.Build.0 = Debug|Any CPU
		{1FDE1EC8-8159-442E-8CC6-349B5A0EDA1B}.Release|Any CPU.ActiveCfg = Release|Any CPU
		{1FDE1EC8-8159-442E-8CC6-349B5A0EDA1B}.Release|Any CPU.Build.0 = Release|Any CPU
		{1FDE1EC8-8159-442E-8CC6-349B5A0EDA1B}.Release|x64.ActiveCfg = Release|Any CPU
		{1FDE1EC8-8159-442E-8CC6-349B5A0EDA1B}.Release|x64.Build.0 = Release|Any CPU
		{1FDE1EC8-8159-442E-8CC6-349B5A0EDA1B}.Release|x86.ActiveCfg = Release|Any CPU
		{1FDE1EC8-8159-442E-8CC6-349B5A0EDA1B}.Release|x86.Build.0 = Release|Any CPU
		{F0355204-5C6C-4F44-B3FB-E375168BFE4F}.Debug|Any CPU.ActiveCfg = Debug|Any CPU
		{F0355204-5C6C-4F44-B3FB-E375168BFE4F}.Debug|Any CPU.Build.0 = Debug|Any CPU
		{F0355204-5C6C-4F44-B3FB-E375168BFE4F}.Debug|x64.ActiveCfg = Debug|Any CPU
		{F0355204-5C6C-4F44-B3FB-E375168BFE4F}.Debug|x64.Build.0 = Debug|Any CPU
		{F0355204-5C6C-4F44-B3FB-E375168BFE4F}.Debug|x86.ActiveCfg = Debug|Any CPU
		{F0355204-5C6C-4F44-B3FB-E375168BFE4F}.Debug|x86.Build.0 = Debug|Any CPU
		{F0355204-5C6C-4F44-B3FB-E375168BFE4F}.Release|Any CPU.ActiveCfg = Release|Any CPU
		{F0355204-5C6C-4F44-B3FB-E375168BFE4F}.Release|Any CPU.Build.0 = Release|Any CPU
		{F0355204-5C6C-4F44-B3FB-E375168BFE4F}.Release|x64.ActiveCfg = Release|Any CPU
		{F0355204-5C6C-4F44-B3FB-E375168BFE4F}.Release|x64.Build.0 = Release|Any CPU
		{F0355204-5C6C-4F44-B3FB-E375168BFE4F}.Release|x86.ActiveCfg = Release|Any CPU
		{F0355204-5C6C-4F44-B3FB-E375168BFE4F}.Release|x86.Build.0 = Release|Any CPU
		{CA19E935-8DE4-4FBC-A1AA-F64023642D62}.Debug|Any CPU.ActiveCfg = Debug|Any CPU
		{CA19E935-8DE4-4FBC-A1AA-F64023642D62}.Debug|Any CPU.Build.0 = Debug|Any CPU
		{CA19E935-8DE4-4FBC-A1AA-F64023642D62}.Debug|x64.ActiveCfg = Debug|Any CPU
		{CA19E935-8DE4-4FBC-A1AA-F64023642D62}.Debug|x64.Build.0 = Debug|Any CPU
		{CA19E935-8DE4-4FBC-A1AA-F64023642D62}.Debug|x86.ActiveCfg = Debug|Any CPU
		{CA19E935-8DE4-4FBC-A1AA-F64023642D62}.Debug|x86.Build.0 = Debug|Any CPU
		{CA19E935-8DE4-4FBC-A1AA-F64023642D62}.Release|Any CPU.ActiveCfg = Release|Any CPU
		{CA19E935-8DE4-4FBC-A1AA-F64023642D62}.Release|Any CPU.Build.0 = Release|Any CPU
		{CA19E935-8DE4-4FBC-A1AA-F64023642D62}.Release|x64.ActiveCfg = Release|Any CPU
		{CA19E935-8DE4-4FBC-A1AA-F64023642D62}.Release|x64.Build.0 = Release|Any CPU
		{CA19E935-8DE4-4FBC-A1AA-F64023642D62}.Release|x86.ActiveCfg = Release|Any CPU
		{CA19E935-8DE4-4FBC-A1AA-F64023642D62}.Release|x86.Build.0 = Release|Any CPU
		{DB2B89C2-0846-4FC4-A993-E91777B60B6F}.Debug|Any CPU.ActiveCfg = Debug|Any CPU
		{DB2B89C2-0846-4FC4-A993-E91777B60B6F}.Debug|Any CPU.Build.0 = Debug|Any CPU
		{DB2B89C2-0846-4FC4-A993-E91777B60B6F}.Debug|x64.ActiveCfg = Debug|Any CPU
		{DB2B89C2-0846-4FC4-A993-E91777B60B6F}.Debug|x64.Build.0 = Debug|Any CPU
		{DB2B89C2-0846-4FC4-A993-E91777B60B6F}.Debug|x86.ActiveCfg = Debug|Any CPU
		{DB2B89C2-0846-4FC4-A993-E91777B60B6F}.Debug|x86.Build.0 = Debug|Any CPU
		{DB2B89C2-0846-4FC4-A993-E91777B60B6F}.Release|Any CPU.ActiveCfg = Release|Any CPU
		{DB2B89C2-0846-4FC4-A993-E91777B60B6F}.Release|Any CPU.Build.0 = Release|Any CPU
		{DB2B89C2-0846-4FC4-A993-E91777B60B6F}.Release|x64.ActiveCfg = Release|Any CPU
		{DB2B89C2-0846-4FC4-A993-E91777B60B6F}.Release|x64.Build.0 = Release|Any CPU
		{DB2B89C2-0846-4FC4-A993-E91777B60B6F}.Release|x86.ActiveCfg = Release|Any CPU
		{DB2B89C2-0846-4FC4-A993-E91777B60B6F}.Release|x86.Build.0 = Release|Any CPU
		{22131DA1-A1C5-42D8-B749-553788C308AA}.Debug|Any CPU.ActiveCfg = Debug|Any CPU
		{22131DA1-A1C5-42D8-B749-553788C308AA}.Debug|Any CPU.Build.0 = Debug|Any CPU
		{22131DA1-A1C5-42D8-B749-553788C308AA}.Debug|x64.ActiveCfg = Debug|Any CPU
		{22131DA1-A1C5-42D8-B749-553788C308AA}.Debug|x64.Build.0 = Debug|Any CPU
		{22131DA1-A1C5-42D8-B749-553788C308AA}.Debug|x86.ActiveCfg = Debug|Any CPU
		{22131DA1-A1C5-42D8-B749-553788C308AA}.Debug|x86.Build.0 = Debug|Any CPU
		{22131DA1-A1C5-42D8-B749-553788C308AA}.Release|Any CPU.ActiveCfg = Release|Any CPU
		{22131DA1-A1C5-42D8-B749-553788C308AA}.Release|Any CPU.Build.0 = Release|Any CPU
		{22131DA1-A1C5-42D8-B749-553788C308AA}.Release|x64.ActiveCfg = Release|Any CPU
		{22131DA1-A1C5-42D8-B749-553788C308AA}.Release|x64.Build.0 = Release|Any CPU
		{22131DA1-A1C5-42D8-B749-553788C308AA}.Release|x86.ActiveCfg = Release|Any CPU
		{22131DA1-A1C5-42D8-B749-553788C308AA}.Release|x86.Build.0 = Release|Any CPU
		{9CDDD994-E6FE-4750-918D-C50F7782A2D2}.Debug|Any CPU.ActiveCfg = Debug|Any CPU
		{9CDDD994-E6FE-4750-918D-C50F7782A2D2}.Debug|Any CPU.Build.0 = Debug|Any CPU
		{9CDDD994-E6FE-4750-918D-C50F7782A2D2}.Debug|x64.ActiveCfg = Debug|Any CPU
		{9CDDD994-E6FE-4750-918D-C50F7782A2D2}.Debug|x64.Build.0 = Debug|Any CPU
		{9CDDD994-E6FE-4750-918D-C50F7782A2D2}.Debug|x86.ActiveCfg = Debug|Any CPU
		{9CDDD994-E6FE-4750-918D-C50F7782A2D2}.Debug|x86.Build.0 = Debug|Any CPU
		{9CDDD994-E6FE-4750-918D-C50F7782A2D2}.Release|Any CPU.ActiveCfg = Release|Any CPU
		{9CDDD994-E6FE-4750-918D-C50F7782A2D2}.Release|Any CPU.Build.0 = Release|Any CPU
		{9CDDD994-E6FE-4750-918D-C50F7782A2D2}.Release|x64.ActiveCfg = Release|Any CPU
		{9CDDD994-E6FE-4750-918D-C50F7782A2D2}.Release|x64.Build.0 = Release|Any CPU
		{9CDDD994-E6FE-4750-918D-C50F7782A2D2}.Release|x86.ActiveCfg = Release|Any CPU
		{9CDDD994-E6FE-4750-918D-C50F7782A2D2}.Release|x86.Build.0 = Release|Any CPU
		{D56F40FE-1372-4A22-BB90-DB1B775521FA}.Debug|Any CPU.ActiveCfg = Debug|Any CPU
		{D56F40FE-1372-4A22-BB90-DB1B775521FA}.Debug|Any CPU.Build.0 = Debug|Any CPU
		{D56F40FE-1372-4A22-BB90-DB1B775521FA}.Debug|x64.ActiveCfg = Debug|Any CPU
		{D56F40FE-1372-4A22-BB90-DB1B775521FA}.Debug|x64.Build.0 = Debug|Any CPU
		{D56F40FE-1372-4A22-BB90-DB1B775521FA}.Debug|x86.ActiveCfg = Debug|Any CPU
		{D56F40FE-1372-4A22-BB90-DB1B775521FA}.Debug|x86.Build.0 = Debug|Any CPU
		{D56F40FE-1372-4A22-BB90-DB1B775521FA}.Release|Any CPU.ActiveCfg = Release|Any CPU
		{D56F40FE-1372-4A22-BB90-DB1B775521FA}.Release|Any CPU.Build.0 = Release|Any CPU
		{D56F40FE-1372-4A22-BB90-DB1B775521FA}.Release|x64.ActiveCfg = Release|Any CPU
		{D56F40FE-1372-4A22-BB90-DB1B775521FA}.Release|x64.Build.0 = Release|Any CPU
		{D56F40FE-1372-4A22-BB90-DB1B775521FA}.Release|x86.ActiveCfg = Release|Any CPU
		{D56F40FE-1372-4A22-BB90-DB1B775521FA}.Release|x86.Build.0 = Release|Any CPU
		{B8844A21-639F-4B00-A72C-A44D6BBCA6D9}.Debug|Any CPU.ActiveCfg = Debug|Any CPU
		{B8844A21-639F-4B00-A72C-A44D6BBCA6D9}.Debug|Any CPU.Build.0 = Debug|Any CPU
		{B8844A21-639F-4B00-A72C-A44D6BBCA6D9}.Debug|x64.ActiveCfg = Debug|Any CPU
		{B8844A21-639F-4B00-A72C-A44D6BBCA6D9}.Debug|x64.Build.0 = Debug|Any CPU
		{B8844A21-639F-4B00-A72C-A44D6BBCA6D9}.Debug|x86.ActiveCfg = Debug|Any CPU
		{B8844A21-639F-4B00-A72C-A44D6BBCA6D9}.Debug|x86.Build.0 = Debug|Any CPU
		{B8844A21-639F-4B00-A72C-A44D6BBCA6D9}.Release|Any CPU.ActiveCfg = Release|Any CPU
		{B8844A21-639F-4B00-A72C-A44D6BBCA6D9}.Release|Any CPU.Build.0 = Release|Any CPU
		{B8844A21-639F-4B00-A72C-A44D6BBCA6D9}.Release|x64.ActiveCfg = Release|Any CPU
		{B8844A21-639F-4B00-A72C-A44D6BBCA6D9}.Release|x64.Build.0 = Release|Any CPU
		{B8844A21-639F-4B00-A72C-A44D6BBCA6D9}.Release|x86.ActiveCfg = Release|Any CPU
		{B8844A21-639F-4B00-A72C-A44D6BBCA6D9}.Release|x86.Build.0 = Release|Any CPU
		{39B8B1C7-6903-4446-A8A1-1FF1AB25AF6C}.Debug|Any CPU.ActiveCfg = Debug|Any CPU
		{39B8B1C7-6903-4446-A8A1-1FF1AB25AF6C}.Debug|Any CPU.Build.0 = Debug|Any CPU
		{39B8B1C7-6903-4446-A8A1-1FF1AB25AF6C}.Debug|x64.ActiveCfg = Debug|Any CPU
		{39B8B1C7-6903-4446-A8A1-1FF1AB25AF6C}.Debug|x64.Build.0 = Debug|Any CPU
		{39B8B1C7-6903-4446-A8A1-1FF1AB25AF6C}.Debug|x86.ActiveCfg = Debug|Any CPU
		{39B8B1C7-6903-4446-A8A1-1FF1AB25AF6C}.Debug|x86.Build.0 = Debug|Any CPU
		{39B8B1C7-6903-4446-A8A1-1FF1AB25AF6C}.Release|Any CPU.ActiveCfg = Release|Any CPU
		{39B8B1C7-6903-4446-A8A1-1FF1AB25AF6C}.Release|Any CPU.Build.0 = Release|Any CPU
		{39B8B1C7-6903-4446-A8A1-1FF1AB25AF6C}.Release|x64.ActiveCfg = Release|Any CPU
		{39B8B1C7-6903-4446-A8A1-1FF1AB25AF6C}.Release|x64.Build.0 = Release|Any CPU
		{39B8B1C7-6903-4446-A8A1-1FF1AB25AF6C}.Release|x86.ActiveCfg = Release|Any CPU
		{39B8B1C7-6903-4446-A8A1-1FF1AB25AF6C}.Release|x86.Build.0 = Release|Any CPU
		{E463450E-2E36-47D6-8A8B-4E7E9FFF444D}.Debug|Any CPU.ActiveCfg = Debug|Any CPU
		{E463450E-2E36-47D6-8A8B-4E7E9FFF444D}.Debug|Any CPU.Build.0 = Debug|Any CPU
		{E463450E-2E36-47D6-8A8B-4E7E9FFF444D}.Debug|x64.ActiveCfg = Debug|Any CPU
		{E463450E-2E36-47D6-8A8B-4E7E9FFF444D}.Debug|x64.Build.0 = Debug|Any CPU
		{E463450E-2E36-47D6-8A8B-4E7E9FFF444D}.Debug|x86.ActiveCfg = Debug|Any CPU
		{E463450E-2E36-47D6-8A8B-4E7E9FFF444D}.Debug|x86.Build.0 = Debug|Any CPU
		{E463450E-2E36-47D6-8A8B-4E7E9FFF444D}.Release|Any CPU.ActiveCfg = Release|Any CPU
		{E463450E-2E36-47D6-8A8B-4E7E9FFF444D}.Release|Any CPU.Build.0 = Release|Any CPU
		{E463450E-2E36-47D6-8A8B-4E7E9FFF444D}.Release|x64.ActiveCfg = Release|Any CPU
		{E463450E-2E36-47D6-8A8B-4E7E9FFF444D}.Release|x64.Build.0 = Release|Any CPU
		{E463450E-2E36-47D6-8A8B-4E7E9FFF444D}.Release|x86.ActiveCfg = Release|Any CPU
		{E463450E-2E36-47D6-8A8B-4E7E9FFF444D}.Release|x86.Build.0 = Release|Any CPU
		{E89D98F4-AFA7-454F-AF78-7225FC4F8AA9}.Debug|Any CPU.ActiveCfg = Debug|Any CPU
		{E89D98F4-AFA7-454F-AF78-7225FC4F8AA9}.Debug|Any CPU.Build.0 = Debug|Any CPU
		{E89D98F4-AFA7-454F-AF78-7225FC4F8AA9}.Debug|x64.ActiveCfg = Debug|Any CPU
		{E89D98F4-AFA7-454F-AF78-7225FC4F8AA9}.Debug|x64.Build.0 = Debug|Any CPU
		{E89D98F4-AFA7-454F-AF78-7225FC4F8AA9}.Debug|x86.ActiveCfg = Debug|Any CPU
		{E89D98F4-AFA7-454F-AF78-7225FC4F8AA9}.Debug|x86.Build.0 = Debug|Any CPU
		{E89D98F4-AFA7-454F-AF78-7225FC4F8AA9}.Release|Any CPU.ActiveCfg = Release|Any CPU
		{E89D98F4-AFA7-454F-AF78-7225FC4F8AA9}.Release|Any CPU.Build.0 = Release|Any CPU
		{E89D98F4-AFA7-454F-AF78-7225FC4F8AA9}.Release|x64.ActiveCfg = Release|Any CPU
		{E89D98F4-AFA7-454F-AF78-7225FC4F8AA9}.Release|x64.Build.0 = Release|Any CPU
		{E89D98F4-AFA7-454F-AF78-7225FC4F8AA9}.Release|x86.ActiveCfg = Release|Any CPU
		{E89D98F4-AFA7-454F-AF78-7225FC4F8AA9}.Release|x86.Build.0 = Release|Any CPU
		{1D293ABB-CC46-4D75-B958-26D5EF8A1684}.Debug|Any CPU.ActiveCfg = Debug|Any CPU
		{1D293ABB-CC46-4D75-B958-26D5EF8A1684}.Debug|Any CPU.Build.0 = Debug|Any CPU
		{1D293ABB-CC46-4D75-B958-26D5EF8A1684}.Debug|x64.ActiveCfg = Debug|Any CPU
		{1D293ABB-CC46-4D75-B958-26D5EF8A1684}.Debug|x64.Build.0 = Debug|Any CPU
		{1D293ABB-CC46-4D75-B958-26D5EF8A1684}.Debug|x86.ActiveCfg = Debug|Any CPU
		{1D293ABB-CC46-4D75-B958-26D5EF8A1684}.Debug|x86.Build.0 = Debug|Any CPU
		{1D293ABB-CC46-4D75-B958-26D5EF8A1684}.Release|Any CPU.ActiveCfg = Release|Any CPU
		{1D293ABB-CC46-4D75-B958-26D5EF8A1684}.Release|Any CPU.Build.0 = Release|Any CPU
		{1D293ABB-CC46-4D75-B958-26D5EF8A1684}.Release|x64.ActiveCfg = Release|Any CPU
		{1D293ABB-CC46-4D75-B958-26D5EF8A1684}.Release|x64.Build.0 = Release|Any CPU
		{1D293ABB-CC46-4D75-B958-26D5EF8A1684}.Release|x86.ActiveCfg = Release|Any CPU
		{1D293ABB-CC46-4D75-B958-26D5EF8A1684}.Release|x86.Build.0 = Release|Any CPU
		{4CFEE050-7446-4B3C-A9CC-6E7B636BAC05}.Debug|Any CPU.ActiveCfg = Debug|Any CPU
		{4CFEE050-7446-4B3C-A9CC-6E7B636BAC05}.Debug|Any CPU.Build.0 = Debug|Any CPU
		{4CFEE050-7446-4B3C-A9CC-6E7B636BAC05}.Debug|x64.ActiveCfg = Debug|Any CPU
		{4CFEE050-7446-4B3C-A9CC-6E7B636BAC05}.Debug|x64.Build.0 = Debug|Any CPU
		{4CFEE050-7446-4B3C-A9CC-6E7B636BAC05}.Debug|x86.ActiveCfg = Debug|Any CPU
		{4CFEE050-7446-4B3C-A9CC-6E7B636BAC05}.Debug|x86.Build.0 = Debug|Any CPU
		{4CFEE050-7446-4B3C-A9CC-6E7B636BAC05}.Release|Any CPU.ActiveCfg = Release|Any CPU
		{4CFEE050-7446-4B3C-A9CC-6E7B636BAC05}.Release|Any CPU.Build.0 = Release|Any CPU
		{4CFEE050-7446-4B3C-A9CC-6E7B636BAC05}.Release|x64.ActiveCfg = Release|Any CPU
		{4CFEE050-7446-4B3C-A9CC-6E7B636BAC05}.Release|x64.Build.0 = Release|Any CPU
		{4CFEE050-7446-4B3C-A9CC-6E7B636BAC05}.Release|x86.ActiveCfg = Release|Any CPU
		{4CFEE050-7446-4B3C-A9CC-6E7B636BAC05}.Release|x86.Build.0 = Release|Any CPU
		{DE212A0E-3B8A-4679-9A9D-A9D9EDE973FF}.Debug|Any CPU.ActiveCfg = Debug|Any CPU
		{DE212A0E-3B8A-4679-9A9D-A9D9EDE973FF}.Debug|Any CPU.Build.0 = Debug|Any CPU
		{DE212A0E-3B8A-4679-9A9D-A9D9EDE973FF}.Debug|x64.ActiveCfg = Debug|Any CPU
		{DE212A0E-3B8A-4679-9A9D-A9D9EDE973FF}.Debug|x64.Build.0 = Debug|Any CPU
		{DE212A0E-3B8A-4679-9A9D-A9D9EDE973FF}.Debug|x86.ActiveCfg = Debug|Any CPU
		{DE212A0E-3B8A-4679-9A9D-A9D9EDE973FF}.Debug|x86.Build.0 = Debug|Any CPU
		{DE212A0E-3B8A-4679-9A9D-A9D9EDE973FF}.Release|Any CPU.ActiveCfg = Release|Any CPU
		{DE212A0E-3B8A-4679-9A9D-A9D9EDE973FF}.Release|Any CPU.Build.0 = Release|Any CPU
		{DE212A0E-3B8A-4679-9A9D-A9D9EDE973FF}.Release|x64.ActiveCfg = Release|Any CPU
		{DE212A0E-3B8A-4679-9A9D-A9D9EDE973FF}.Release|x64.Build.0 = Release|Any CPU
		{DE212A0E-3B8A-4679-9A9D-A9D9EDE973FF}.Release|x86.ActiveCfg = Release|Any CPU
		{DE212A0E-3B8A-4679-9A9D-A9D9EDE973FF}.Release|x86.Build.0 = Release|Any CPU
		{A58D1BE2-C3E1-43E7-B3EA-B8F22CC7545C}.Debug|Any CPU.ActiveCfg = Debug|Any CPU
		{A58D1BE2-C3E1-43E7-B3EA-B8F22CC7545C}.Debug|Any CPU.Build.0 = Debug|Any CPU
		{A58D1BE2-C3E1-43E7-B3EA-B8F22CC7545C}.Debug|x64.ActiveCfg = Debug|Any CPU
		{A58D1BE2-C3E1-43E7-B3EA-B8F22CC7545C}.Debug|x64.Build.0 = Debug|Any CPU
		{A58D1BE2-C3E1-43E7-B3EA-B8F22CC7545C}.Debug|x86.ActiveCfg = Debug|Any CPU
		{A58D1BE2-C3E1-43E7-B3EA-B8F22CC7545C}.Debug|x86.Build.0 = Debug|Any CPU
		{A58D1BE2-C3E1-43E7-B3EA-B8F22CC7545C}.Release|Any CPU.ActiveCfg = Release|Any CPU
		{A58D1BE2-C3E1-43E7-B3EA-B8F22CC7545C}.Release|Any CPU.Build.0 = Release|Any CPU
		{A58D1BE2-C3E1-43E7-B3EA-B8F22CC7545C}.Release|x64.ActiveCfg = Release|Any CPU
		{A58D1BE2-C3E1-43E7-B3EA-B8F22CC7545C}.Release|x64.Build.0 = Release|Any CPU
		{A58D1BE2-C3E1-43E7-B3EA-B8F22CC7545C}.Release|x86.ActiveCfg = Release|Any CPU
		{A58D1BE2-C3E1-43E7-B3EA-B8F22CC7545C}.Release|x86.Build.0 = Release|Any CPU
	EndGlobalSection
	GlobalSection(SolutionProperties) = preSolution
		HideSolutionNode = FALSE
	EndGlobalSection
	GlobalSection(NestedProjects) = preSolution
		{628C81ED-E225-44CD-B458-84D519EA3B46} = {9B7168C0-745A-4D1F-88D3-798A65A05A43}
		{94840327-E0C1-472D-92B9-17D0321A9D73} = {C0D3537D-F36B-455F-A000-EC30DF34802F}
		{C0D3537D-F36B-455F-A000-EC30DF34802F} = {628C81ED-E225-44CD-B458-84D519EA3B46}
		{620C97CD-951E-4EF5-8528-D378705E12AD} = {C0D3537D-F36B-455F-A000-EC30DF34802F}
		{C01D9E8B-FAD4-40E0-A672-1336A8974F8C} = {C0D3537D-F36B-455F-A000-EC30DF34802F}
		{5B4306AF-BBF0-4AF8-B5C8-865F370F3555} = {9B7168C0-745A-4D1F-88D3-798A65A05A43}
		{05DC6C79-8486-4B85-87DD-1D0A4F2C94B8} = {5B4306AF-BBF0-4AF8-B5C8-865F370F3555}
		{1292211D-047F-4A45-BD18-2B5360613AE8} = {05DC6C79-8486-4B85-87DD-1D0A4F2C94B8}
		{F93E179C-493F-4EC0-A2B7-FD585E82FDE3} = {05DC6C79-8486-4B85-87DD-1D0A4F2C94B8}
		{506B04DD-FE67-4291-8260-FE25FCE5CE6A} = {05DC6C79-8486-4B85-87DD-1D0A4F2C94B8}
		{3005811F-EEDF-47CD-9634-A4AD1AD8BADB} = {E484154C-D987-4229-89F9-78C5362CBCAC}
		{34CDA6E7-3FD3-4325-9810-EE23786510A9} = {3005811F-EEDF-47CD-9634-A4AD1AD8BADB}
		{6D584557-EDB3-400D-A471-72612CB2CA81} = {3005811F-EEDF-47CD-9634-A4AD1AD8BADB}
		{23EC2D50-6506-43D3-A05D-B115D79785BF} = {05DC6C79-8486-4B85-87DD-1D0A4F2C94B8}
		{1FDE1EC8-8159-442E-8CC6-349B5A0EDA1B} = {C0D3537D-F36B-455F-A000-EC30DF34802F}
		{F0355204-5C6C-4F44-B3FB-E375168BFE4F} = {05DC6C79-8486-4B85-87DD-1D0A4F2C94B8}
		{CA19E935-8DE4-4FBC-A1AA-F64023642D62} = {C0D3537D-F36B-455F-A000-EC30DF34802F}
		{332E32B6-C775-31B6-4A0B-450281D20681} = {5B4306AF-BBF0-4AF8-B5C8-865F370F3555}
		{DB2B89C2-0846-4FC4-A993-E91777B60B6F} = {332E32B6-C775-31B6-4A0B-450281D20681}
		{22131DA1-A1C5-42D8-B749-553788C308AA} = {332E32B6-C775-31B6-4A0B-450281D20681}
		{90DB41BA-1FA5-DFDC-ED47-DDF1EE757844} = {628C81ED-E225-44CD-B458-84D519EA3B46}
		{9CDDD994-E6FE-4750-918D-C50F7782A2D2} = {90DB41BA-1FA5-DFDC-ED47-DDF1EE757844}
		{D56F40FE-1372-4A22-BB90-DB1B775521FA} = {90DB41BA-1FA5-DFDC-ED47-DDF1EE757844}
		{B8844A21-639F-4B00-A72C-A44D6BBCA6D9} = {0AB3BF05-4346-4AA6-1389-037BE0695223}
		{39B8B1C7-6903-4446-A8A1-1FF1AB25AF6C} = {07C2787E-EAC7-C090-1BA3-A61EC2A24D84}
		{2551C87A-C6C3-448D-B951-7D0FB7A73E8F} = {9B7168C0-745A-4D1F-88D3-798A65A05A43}
		{7989600A-71B9-4B34-97FA-CC12A70FE82C} = {2551C87A-C6C3-448D-B951-7D0FB7A73E8F}
		{E463450E-2E36-47D6-8A8B-4E7E9FFF444D} = {7989600A-71B9-4B34-97FA-CC12A70FE82C}
		{E89D98F4-AFA7-454F-AF78-7225FC4F8AA9} = {7989600A-71B9-4B34-97FA-CC12A70FE82C}
		{1D293ABB-CC46-4D75-B958-26D5EF8A1684} = {7989600A-71B9-4B34-97FA-CC12A70FE82C}
		{4CFEE050-7446-4B3C-A9CC-6E7B636BAC05} = {7989600A-71B9-4B34-97FA-CC12A70FE82C}
		{97B52C54-DEEF-40EC-9F4B-EB47DA01E962} = {2551C87A-C6C3-448D-B951-7D0FB7A73E8F}
		{DE212A0E-3B8A-4679-9A9D-A9D9EDE973FF} = {97B52C54-DEEF-40EC-9F4B-EB47DA01E962}
		{A58D1BE2-C3E1-43E7-B3EA-B8F22CC7545C} = {97B52C54-DEEF-40EC-9F4B-EB47DA01E962}
	EndGlobalSection
	GlobalSection(ExtensibilityGlobals) = postSolution
		SolutionGuid = {E856711D-A49F-4CEA-AF26-7E307FA21416}
	EndGlobalSection
EndGlobal
