
Microsoft Visual Studio Solution File, Format Version 12.00
# Visual Studio Version 16
VisualStudioVersion = 25.0.1706.14
MinimumVisualStudioVersion = 10.0.40219.1
Project("{2150E333-8FDC-42A3-9474-1A3956D46DE8}") = "services", "services", "{9B7168C0-745A-4D1F-88D3-798A65A05A43}"
EndProject
Project("{2150E333-8FDC-42A3-9474-1A3956D46DE8}") = "shared", "shared", "{E484154C-D987-4229-89F9-78C5362CBCAC}"
EndProject
Project("{2150E333-8FDC-42A3-9474-1A3956D46DE8}") = "consolidation", "consolidation", "{628C81ED-E225-44CD-B458-84D519EA3B46}"
EndProject
Project("{FAE04EC0-301F-11D3-BF4B-00C04F79EFBC}") = "CashFlow.Consolidation.Application", "services\consolidation\src\CashFlow.Consolidation.Application\CashFlow.Consolidation.Application.csproj", "{94840327-E0C1-472D-92B9-17D0321A9D73}"
EndProject
Project("{2150E333-8FDC-42A3-9474-1A3956D46DE8}") = "src", "src", "{C0D3537D-F36B-455F-A000-EC30DF34802F}"
EndProject
Project("{FAE04EC0-301F-11D3-BF4B-00C04F79EFBC}") = "CashFlow.Consolidation.Domain", "services\consolidation\src\CashFlow.Consolidation.Domain\CashFlow.Consolidation.Domain.csproj", "{620C97CD-951E-4EF5-8528-D378705E12AD}"
EndProject
Project("{FAE04EC0-301F-11D3-BF4B-00C04F79EFBC}") = "CashFlow.Consolidation.Infrastructure", "services\consolidation\src\CashFlow.Consolidation.Infrastructure\CashFlow.Consolidation.Infrastructure.csproj", "{C01D9E8B-FAD4-40E0-A672-1336A8974F8C}"
EndProject
Project("{2150E333-8FDC-42A3-9474-1A3956D46DE8}") = "transactions", "transactions", "{5B4306AF-BBF0-4AF8-B5C8-865F370F3555}"
EndProject
Project("{2150E333-8FDC-42A3-9474-1A3956D46DE8}") = "src", "src", "{05DC6C79-8486-4B85-87DD-1D0A4F2C94B8}"
EndProject
Project("{FAE04EC0-301F-11D3-BF4B-00C04F79EFBC}") = "CashFlow.Transactions.Application", "services\transactions\src\CashFlow.Transactions.Application\CashFlow.Transactions.Application.csproj", "{1292211D-047F-4A45-BD18-2B5360613AE8}"
EndProject
Project("{FAE04EC0-301F-11D3-BF4B-00C04F79EFBC}") = "CashFlow.Transactions.Domain", "services\transactions\src\CashFlow.Transactions.Domain\CashFlow.Transactions.Domain.csproj", "{F93E179C-493F-4EC0-A2B7-FD585E82FDE3}"
EndProject
Project("{FAE04EC0-301F-11D3-BF4B-00C04F79EFBC}") = "CashFlow.Transactions.Infrastructure", "services\transactions\src\CashFlow.Transactions.Infrastructure\CashFlow.Transactions.Infrastructure.csproj", "{506B04DD-FE67-4291-8260-FE25FCE5CE6A}"
EndProject
Project("{2150E333-8FDC-42A3-9474-1A3956D46DE8}") = "src", "src", "{3005811F-EEDF-47CD-9634-A4AD1AD8BADB}"
EndProject
Project("{FAE04EC0-301F-11D3-BF4B-00C04F79EFBC}") = "CashFlow.Shared.Domain", "shared\src\CashFlow.Shared.Domain\CashFlow.Shared.Domain.csproj", "{34CDA6E7-3FD3-4325-9810-EE23786510A9}"
EndProject
Project("{FAE04EC0-301F-11D3-BF4B-00C04F79EFBC}") = "CashFlow.Shared.Application", "shared\src\CashFlow.Shared.Application\CashFlow.Shared.Application.csproj", "{6D584557-EDB3-400D-A471-72612CB2CA81}"
EndProject
Project("{FAE04EC0-301F-11D3-BF4B-00C04F79EFBC}") = "CashFlow.Transactions.Web", "services\transactions\src\CashFlow.Transactions.Web\CashFlow.Transactions.Web.csproj", "{23EC2D50-6506-43D3-A05D-B115D79785BF}"
EndProject
Project("{FAE04EC0-301F-11D3-BF4B-00C04F79EFBC}") = "CashFlow.Consolidation.Web", "services\consolidation\src\CashFlow.Consolidation.Web\CashFlow.Consolidation.Web.csproj", "{1FDE1EC8-8159-442E-8CC6-349B5A0EDA1B}"
EndProject
Global
	GlobalSection(SolutionConfigurationPlatforms) = preSolution
		Debug|Any CPU = Debug|Any CPU
		Debug|x64 = Debug|x64
		Debug|x86 = Debug|x86
		Release|Any CPU = Release|Any CPU
		Release|x64 = Release|x64
		Release|x86 = Release|x86
	EndGlobalSection
	GlobalSection(ProjectConfigurationPlatforms) = postSolution
		{94840327-E0C1-472D-92B9-17D0321A9D73}.Debug|Any CPU.ActiveCfg = Debug|Any CPU
		{94840327-E0C1-472D-92B9-17D0321A9D73}.Debug|Any CPU.Build.0 = Debug|Any CPU
		{94840327-E0C1-472D-92B9-17D0321A9D73}.Debug|x64.ActiveCfg = Debug|Any CPU
		{94840327-E0C1-472D-92B9-17D0321A9D73}.Debug|x64.Build.0 = Debug|Any CPU
		{94840327-E0C1-472D-92B9-17D0321A9D73}.Debug|x86.ActiveCfg = Debug|Any CPU
		{94840327-E0C1-472D-92B9-17D0321A9D73}.Debug|x86.Build.0 = Debug|Any CPU
		{94840327-E0C1-472D-92B9-17D0321A9D73}.Release|Any CPU.ActiveCfg = Release|Any CPU
		{94840327-E0C1-472D-92B9-17D0321A9D73}.Release|Any CPU.Build.0 = Release|Any CPU
		{94840327-E0C1-472D-92B9-17D0321A9D73}.Release|x64.ActiveCfg = Release|Any CPU
		{94840327-E0C1-472D-92B9-17D0321A9D73}.Release|x64.Build.0 = Release|Any CPU
		{94840327-E0C1-472D-92B9-17D0321A9D73}.Release|x86.ActiveCfg = Release|Any CPU
		{94840327-E0C1-472D-92B9-17D0321A9D73}.Release|x86.Build.0 = Release|Any CPU
		{620C97CD-951E-4EF5-8528-D378705E12AD}.Debug|Any CPU.ActiveCfg = Debug|Any CPU
		{620C97CD-951E-4EF5-8528-D378705E12AD}.Debug|Any CPU.Build.0 = Debug|Any CPU
		{620C97CD-951E-4EF5-8528-D378705E12AD}.Debug|x64.ActiveCfg = Debug|Any CPU
		{620C97CD-951E-4EF5-8528-D378705E12AD}.Debug|x64.Build.0 = Debug|Any CPU
		{620C97CD-951E-4EF5-8528-D378705E12AD}.Debug|x86.ActiveCfg = Debug|Any CPU
		{620C97CD-951E-4EF5-8528-D378705E12AD}.Debug|x86.Build.0 = Debug|Any CPU
		{620C97CD-951E-4EF5-8528-D378705E12AD}.Release|Any CPU.ActiveCfg = Release|Any CPU
		{620C97CD-951E-4EF5-8528-D378705E12AD}.Release|Any CPU.Build.0 = Release|Any CPU
		{620C97CD-951E-4EF5-8528-D378705E12AD}.Release|x64.ActiveCfg = Release|Any CPU
		{620C97CD-951E-4EF5-8528-D378705E12AD}.Release|x64.Build.0 = Release|Any CPU
		{620C97CD-951E-4EF5-8528-D378705E12AD}.Release|x86.ActiveCfg = Release|Any CPU
		{620C97CD-951E-4EF5-8528-D378705E12AD}.Release|x86.Build.0 = Release|Any CPU
		{C01D9E8B-FAD4-40E0-A672-1336A8974F8C}.Debug|Any CPU.ActiveCfg = Debug|Any CPU
		{C01D9E8B-FAD4-40E0-A672-1336A8974F8C}.Debug|Any CPU.Build.0 = Debug|Any CPU
		{C01D9E8B-FAD4-40E0-A672-1336A8974F8C}.Debug|x64.ActiveCfg = Debug|Any CPU
		{C01D9E8B-FAD4-40E0-A672-1336A8974F8C}.Debug|x64.Build.0 = Debug|Any CPU
		{C01D9E8B-FAD4-40E0-A672-1336A8974F8C}.Debug|x86.ActiveCfg = Debug|Any CPU
		{C01D9E8B-FAD4-40E0-A672-1336A8974F8C}.Debug|x86.Build.0 = Debug|Any CPU
		{C01D9E8B-FAD4-40E0-A672-1336A8974F8C}.Release|Any CPU.ActiveCfg = Release|Any CPU
		{C01D9E8B-FAD4-40E0-A672-1336A8974F8C}.Release|Any CPU.Build.0 = Release|Any CPU
		{C01D9E8B-FAD4-40E0-A672-1336A8974F8C}.Release|x64.ActiveCfg = Release|Any CPU
		{C01D9E8B-FAD4-40E0-A672-1336A8974F8C}.Release|x64.Build.0 = Release|Any CPU
		{C01D9E8B-FAD4-40E0-A672-1336A8974F8C}.Release|x86.ActiveCfg = Release|Any CPU
		{C01D9E8B-FAD4-40E0-A672-1336A8974F8C}.Release|x86.Build.0 = Release|Any CPU
		{1292211D-047F-4A45-BD18-2B5360613AE8}.Debug|Any CPU.ActiveCfg = Debug|Any CPU
		{1292211D-047F-4A45-BD18-2B5360613AE8}.Debug|Any CPU.Build.0 = Debug|Any CPU
		{1292211D-047F-4A45-BD18-2B5360613AE8}.Debug|x64.ActiveCfg = Debug|Any CPU
		{1292211D-047F-4A45-BD18-2B5360613AE8}.Debug|x64.Build.0 = Debug|Any CPU
		{1292211D-047F-4A45-BD18-2B5360613AE8}.Debug|x86.ActiveCfg = Debug|Any CPU
		{1292211D-047F-4A45-BD18-2B5360613AE8}.Debug|x86.Build.0 = Debug|Any CPU
		{1292211D-047F-4A45-BD18-2B5360613AE8}.Release|Any CPU.ActiveCfg = Release|Any CPU
		{1292211D-047F-4A45-BD18-2B5360613AE8}.Release|Any CPU.Build.0 = Release|Any CPU
		{1292211D-047F-4A45-BD18-2B5360613AE8}.Release|x64.ActiveCfg = Release|Any CPU
		{1292211D-047F-4A45-BD18-2B5360613AE8}.Release|x64.Build.0 = Release|Any CPU
		{1292211D-047F-4A45-BD18-2B5360613AE8}.Release|x86.ActiveCfg = Release|Any CPU
		{1292211D-047F-4A45-BD18-2B5360613AE8}.Release|x86.Build.0 = Release|Any CPU
		{F93E179C-493F-4EC0-A2B7-FD585E82FDE3}.Debug|Any CPU.ActiveCfg = Debug|Any CPU
		{F93E179C-493F-4EC0-A2B7-FD585E82FDE3}.Debug|Any CPU.Build.0 = Debug|Any CPU
		{F93E179C-493F-4EC0-A2B7-FD585E82FDE3}.Debug|x64.ActiveCfg = Debug|Any CPU
		{F93E179C-493F-4EC0-A2B7-FD585E82FDE3}.Debug|x64.Build.0 = Debug|Any CPU
		{F93E179C-493F-4EC0-A2B7-FD585E82FDE3}.Debug|x86.ActiveCfg = Debug|Any CPU
		{F93E179C-493F-4EC0-A2B7-FD585E82FDE3}.Debug|x86.Build.0 = Debug|Any CPU
		{F93E179C-493F-4EC0-A2B7-FD585E82FDE3}.Release|Any CPU.ActiveCfg = Release|Any CPU
		{F93E179C-493F-4EC0-A2B7-FD585E82FDE3}.Release|Any CPU.Build.0 = Release|Any CPU
		{F93E179C-493F-4EC0-A2B7-FD585E82FDE3}.Release|x64.ActiveCfg = Release|Any CPU
		{F93E179C-493F-4EC0-A2B7-FD585E82FDE3}.Release|x64.Build.0 = Release|Any CPU
		{F93E179C-493F-4EC0-A2B7-FD585E82FDE3}.Release|x86.ActiveCfg = Release|Any CPU
		{F93E179C-493F-4EC0-A2B7-FD585E82FDE3}.Release|x86.Build.0 = Release|Any CPU
		{506B04DD-FE67-4291-8260-FE25FCE5CE6A}.Debug|Any CPU.ActiveCfg = Debug|Any CPU
		{506B04DD-FE67-4291-8260-FE25FCE5CE6A}.Debug|Any CPU.Build.0 = Debug|Any CPU
		{506B04DD-FE67-4291-8260-FE25FCE5CE6A}.Debug|x64.ActiveCfg = Debug|Any CPU
		{506B04DD-FE67-4291-8260-FE25FCE5CE6A}.Debug|x64.Build.0 = Debug|Any CPU
		{506B04DD-FE67-4291-8260-FE25FCE5CE6A}.Debug|x86.ActiveCfg = Debug|Any CPU
		{506B04DD-FE67-4291-8260-FE25FCE5CE6A}.Debug|x86.Build.0 = Debug|Any CPU
		{506B04DD-FE67-4291-8260-FE25FCE5CE6A}.Release|Any CPU.ActiveCfg = Release|Any CPU
		{506B04DD-FE67-4291-8260-FE25FCE5CE6A}.Release|Any CPU.Build.0 = Release|Any CPU
		{506B04DD-FE67-4291-8260-FE25FCE5CE6A}.Release|x64.ActiveCfg = Release|Any CPU
		{506B04DD-FE67-4291-8260-FE25FCE5CE6A}.Release|x64.Build.0 = Release|Any CPU
		{506B04DD-FE67-4291-8260-FE25FCE5CE6A}.Release|x86.ActiveCfg = Release|Any CPU
		{506B04DD-FE67-4291-8260-FE25FCE5CE6A}.Release|x86.Build.0 = Release|Any CPU
		{34CDA6E7-3FD3-4325-9810-EE23786510A9}.Debug|Any CPU.ActiveCfg = Debug|Any CPU
		{34CDA6E7-3FD3-4325-9810-EE23786510A9}.Debug|Any CPU.Build.0 = Debug|Any CPU
		{34CDA6E7-3FD3-4325-9810-EE23786510A9}.Debug|x64.ActiveCfg = Debug|Any CPU
		{34CDA6E7-3FD3-4325-9810-EE23786510A9}.Debug|x64.Build.0 = Debug|Any CPU
		{34CDA6E7-3FD3-4325-9810-EE23786510A9}.Debug|x86.ActiveCfg = Debug|Any CPU
		{34CDA6E7-3FD3-4325-9810-EE23786510A9}.Debug|x86.Build.0 = Debug|Any CPU
		{34CDA6E7-3FD3-4325-9810-EE23786510A9}.Release|Any CPU.ActiveCfg = Release|Any CPU
		{34CDA6E7-3FD3-4325-9810-EE23786510A9}.Release|Any CPU.Build.0 = Release|Any CPU
		{34CDA6E7-3FD3-4325-9810-EE23786510A9}.Release|x64.ActiveCfg = Release|Any CPU
		{34CDA6E7-3FD3-4325-9810-EE23786510A9}.Release|x64.Build.0 = Release|Any CPU
		{34CDA6E7-3FD3-4325-9810-EE23786510A9}.Release|x86.ActiveCfg = Release|Any CPU
		{34CDA6E7-3FD3-4325-9810-EE23786510A9}.Release|x86.Build.0 = Release|Any CPU
		{6D584557-EDB3-400D-A471-72612CB2CA81}.Debug|Any CPU.ActiveCfg = Debug|Any CPU
		{6D584557-EDB3-400D-A471-72612CB2CA81}.Debug|Any CPU.Build.0 = Debug|Any CPU
		{6D584557-EDB3-400D-A471-72612CB2CA81}.Debug|x64.ActiveCfg = Debug|Any CPU
		{6D584557-EDB3-400D-A471-72612CB2CA81}.Debug|x64.Build.0 = Debug|Any CPU
		{6D584557-EDB3-400D-A471-72612CB2CA81}.Debug|x86.ActiveCfg = Debug|Any CPU
		{6D584557-EDB3-400D-A471-72612CB2CA81}.Debug|x86.Build.0 = Debug|Any CPU
		{6D584557-EDB3-400D-A471-72612CB2CA81}.Release|Any CPU.ActiveCfg = Release|Any CPU
		{6D584557-EDB3-400D-A471-72612CB2CA81}.Release|Any CPU.Build.0 = Release|Any CPU
		{6D584557-EDB3-400D-A471-72612CB2CA81}.Release|x64.ActiveCfg = Release|Any CPU
		{6D584557-EDB3-400D-A471-72612CB2CA81}.Release|x64.Build.0 = Release|Any CPU
		{6D584557-EDB3-400D-A471-72612CB2CA81}.Release|x86.ActiveCfg = Release|Any CPU
		{6D584557-EDB3-400D-A471-72612CB2CA81}.Release|x86.Build.0 = Release|Any CPU
		{23EC2D50-6506-43D3-A05D-B115D79785BF}.Debug|Any CPU.ActiveCfg = Debug|Any CPU
		{23EC2D50-6506-43D3-A05D-B115D79785BF}.Debug|Any CPU.Build.0 = Debug|Any CPU
		{23EC2D50-6506-43D3-A05D-B115D79785BF}.Debug|x64.ActiveCfg = Debug|Any CPU
		{23EC2D50-6506-43D3-A05D-B115D79785BF}.Debug|x64.Build.0 = Debug|Any CPU
		{23EC2D50-6506-43D3-A05D-B115D79785BF}.Debug|x86.ActiveCfg = Debug|Any CPU
		{23EC2D50-6506-43D3-A05D-B115D79785BF}.Debug|x86.Build.0 = Debug|Any CPU
		{23EC2D50-6506-43D3-A05D-B115D79785BF}.Release|Any CPU.ActiveCfg = Release|Any CPU
		{23EC2D50-6506-43D3-A05D-B115D79785BF}.Release|Any CPU.Build.0 = Release|Any CPU
		{23EC2D50-6506-43D3-A05D-B115D79785BF}.Release|x64.ActiveCfg = Release|Any CPU
		{23EC2D50-6506-43D3-A05D-B115D79785BF}.Release|x64.Build.0 = Release|Any CPU
		{23EC2D50-6506-43D3-A05D-B115D79785BF}.Release|x86.ActiveCfg = Release|Any CPU
		{23EC2D50-6506-43D3-A05D-B115D79785BF}.Release|x86.Build.0 = Release|Any CPU
		{1FDE1EC8-8159-442E-8CC6-349B5A0EDA1B}.Debug|Any CPU.ActiveCfg = Debug|Any CPU
		{1FDE1EC8-8159-442E-8CC6-349B5A0EDA1B}.Debug|Any CPU.Build.0 = Debug|Any CPU
		{1FDE1EC8-8159-442E-8CC6-349B5A0EDA1B}.Debug|x64.ActiveCfg = Debug|Any CPU
		{1FDE1EC8-8159-442E-8CC6-349B5A0EDA1B}.Debug|x64.Build.0 = Debug|Any CPU
		{1FDE1EC8-8159-442E-8CC6-349B5A0EDA1B}.Debug|x86.ActiveCfg = Debug|Any CPU
		{1FDE1EC8-8159-442E-8CC6-349B5A0EDA1B}.Debug|x86.Build.0 = Debug|Any CPU
		{1FDE1EC8-8159-442E-8CC6-349B5A0EDA1B}.Release|Any CPU.ActiveCfg = Release|Any CPU
		{1FDE1EC8-8159-442E-8CC6-349B5A0EDA1B}.Release|Any CPU.Build.0 = Release|Any CPU
		{1FDE1EC8-8159-442E-8CC6-349B5A0EDA1B}.Release|x64.ActiveCfg = Release|Any CPU
		{1FDE1EC8-8159-442E-8CC6-349B5A0EDA1B}.Release|x64.Build.0 = Release|Any CPU
		{1FDE1EC8-8159-442E-8CC6-349B5A0EDA1B}.Release|x86.ActiveCfg = Release|Any CPU
		{1FDE1EC8-8159-442E-8CC6-349B5A0EDA1B}.Release|x86.Build.0 = Release|Any CPU
	EndGlobalSection
	GlobalSection(SolutionProperties) = preSolution
		HideSolutionNode = FALSE
	EndGlobalSection
	GlobalSection(NestedProjects) = preSolution
		{628C81ED-E225-44CD-B458-84D519EA3B46} = {9B7168C0-745A-4D1F-88D3-798A65A05A43}
		{94840327-E0C1-472D-92B9-17D0321A9D73} = {C0D3537D-F36B-455F-A000-EC30DF34802F}
		{C0D3537D-F36B-455F-A000-EC30DF34802F} = {628C81ED-E225-44CD-B458-84D519EA3B46}
		{620C97CD-951E-4EF5-8528-D378705E12AD} = {C0D3537D-F36B-455F-A000-EC30DF34802F}
		{C01D9E8B-FAD4-40E0-A672-1336A8974F8C} = {C0D3537D-F36B-455F-A000-EC30DF34802F}
		{5B4306AF-BBF0-4AF8-B5C8-865F370F3555} = {9B7168C0-745A-4D1F-88D3-798A65A05A43}
		{05DC6C79-8486-4B85-87DD-1D0A4F2C94B8} = {5B4306AF-BBF0-4AF8-B5C8-865F370F3555}
		{1292211D-047F-4A45-BD18-2B5360613AE8} = {05DC6C79-8486-4B85-87DD-1D0A4F2C94B8}
		{F93E179C-493F-4EC0-A2B7-FD585E82FDE3} = {05DC6C79-8486-4B85-87DD-1D0A4F2C94B8}
		{506B04DD-FE67-4291-8260-FE25FCE5CE6A} = {05DC6C79-8486-4B85-87DD-1D0A4F2C94B8}
		{3005811F-EEDF-47CD-9634-A4AD1AD8BADB} = {E484154C-D987-4229-89F9-78C5362CBCAC}
		{34CDA6E7-3FD3-4325-9810-EE23786510A9} = {3005811F-EEDF-47CD-9634-A4AD1AD8BADB}
		{6D584557-EDB3-400D-A471-72612CB2CA81} = {3005811F-EEDF-47CD-9634-A4AD1AD8BADB}
		{23EC2D50-6506-43D3-A05D-B115D79785BF} = {05DC6C79-8486-4B85-87DD-1D0A4F2C94B8}
		{1FDE1EC8-8159-442E-8CC6-349B5A0EDA1B} = {C0D3537D-F36B-455F-A000-EC30DF34802F}
	EndGlobalSection
	GlobalSection(ExtensibilityGlobals) = postSolution
		SolutionGuid = {E856711D-A49F-4CEA-AF26-7E307FA21416}
	EndGlobalSection
EndGlobal
