
Microsoft Visual Studio Solution File, Format Version 12.00
# Visual Studio Version 16
VisualStudioVersion = 25.0.1706.14
MinimumVisualStudioVersion = 10.0.40219.1
Project("{2150E333-8FDC-42A3-9474-1A3956D46DE8}") = "src", "src", "{535AF383-1273-4B97-85D3-B29F8A15C819}"
EndProject
Project("{FAE04EC0-301F-11D3-BF4B-00C04F79EFBC}") = "CashFlow.Shared.Domain", "src\CashFlow.Shared.Domain\CashFlow.Shared.Domain.csproj", "{E2445425-FE61-4099-8860-0D01D2CC1EC7}"
EndProject
Project("{FAE04EC0-301F-11D3-BF4B-00C04F79EFBC}") = "CashFlow.Shared.Application", "src\CashFlow.Shared.Application\CashFlow.Shared.Application.csproj", "{2121B831-1511-4CF1-89A3-35248461DDB7}"
EndProject
Global
	GlobalSection(SolutionConfigurationPlatforms) = preSolution
		Debug|Any CPU = Debug|Any CPU
		Release|Any CPU = Release|Any CPU
	EndGlobalSection
	GlobalSection(ProjectConfigurationPlatforms) = postSolution
		{E2445425-FE61-4099-8860-0D01D2CC1EC7}.Debug|Any CPU.ActiveCfg = Debug|Any CPU
		{E2445425-FE61-4099-8860-0D01D2CC1EC7}.Debug|Any CPU.Build.0 = Debug|Any CPU
		{E2445425-FE61-4099-8860-0D01D2CC1EC7}.Release|Any CPU.ActiveCfg = Release|Any CPU
		{E2445425-FE61-4099-8860-0D01D2CC1EC7}.Release|Any CPU.Build.0 = Release|Any CPU
		{2121B831-1511-4CF1-89A3-35248461DDB7}.Debug|Any CPU.ActiveCfg = Debug|Any CPU
		{2121B831-1511-4CF1-89A3-35248461DDB7}.Debug|Any CPU.Build.0 = Debug|Any CPU
		{2121B831-1511-4CF1-89A3-35248461DDB7}.Release|Any CPU.ActiveCfg = Release|Any CPU
		{2121B831-1511-4CF1-89A3-35248461DDB7}.Release|Any CPU.Build.0 = Release|Any CPU
	EndGlobalSection
	GlobalSection(SolutionProperties) = preSolution
		HideSolutionNode = FALSE
	EndGlobalSection
	GlobalSection(ExtensibilityGlobals) = postSolution
		SolutionGuid = {6D774BE9-14B9-4603-A06C-CB7EA2AE9114}
	EndGlobalSection
	GlobalSection(NestedProjects) = preSolution
		{E2445425-FE61-4099-8860-0D01D2CC1EC7} = {535AF383-1273-4B97-85D3-B29F8A15C819}
		{2121B831-1511-4CF1-89A3-35248461DDB7} = {535AF383-1273-4B97-85D3-B29F8A15C819}
	EndGlobalSection
EndGlobal
